// !$*UTF8*$!
{
	archiveVersion = 1;
	classes = {
	};
	objectVersion = 50;
	objects = {

/* Begin PBXBuildFile section */
		603C32B623E747F0003733AD /* AppDelegate.swift in Sources */ = {isa = PBXBuildFile; fileRef = 603C32B523E747F0003733AD /* AppDelegate.swift */; };
		603C32B823E747F0003733AD /* SceneDelegate.swift in Sources */ = {isa = PBXBuildFile; fileRef = 603C32B723E747F0003733AD /* SceneDelegate.swift */; };
		603C32BA23E747F0003733AD /* ContentView.swift in Sources */ = {isa = PBXBuildFile; fileRef = 603C32B923E747F0003733AD /* ContentView.swift */; };
		603C32BC23E747F3003733AD /* Assets.xcassets in Resources */ = {isa = PBXBuildFile; fileRef = 603C32BB23E747F2003733AD /* Assets.xcassets */; };
		603C32BF23E747F3003733AD /* Preview Assets.xcassets in Resources */ = {isa = PBXBuildFile; fileRef = 603C32BE23E747F3003733AD /* Preview Assets.xcassets */; };
		603C32C223E747F3003733AD /* LaunchScreen.storyboard in Resources */ = {isa = PBXBuildFile; fileRef = 603C32C023E747F3003733AD /* LaunchScreen.storyboard */; };
		603C32CD23E747F3003733AD /* BBFoodDeliveryTests.swift in Sources */ = {isa = PBXBuildFile; fileRef = 603C32CC23E747F3003733AD /* BBFoodDeliveryTests.swift */; };
		603C32D823E747F3003733AD /* BBFoodDeliveryUITests.swift in Sources */ = {isa = PBXBuildFile; fileRef = 603C32D723E747F3003733AD /* BBFoodDeliveryUITests.swift */; };
		603C32E623E74DFB003733AD /* Food.swift in Sources */ = {isa = PBXBuildFile; fileRef = 603C32E523E74DFB003733AD /* Food.swift */; };
		603C32E823E74E2F003733AD /* Helper.swift in Sources */ = {isa = PBXBuildFile; fileRef = 603C32E723E74E2F003733AD /* Helper.swift */; };
		603C32EA23E74FA5003733AD /* FoodData.swift in Sources */ = {isa = PBXBuildFile; fileRef = 603C32E923E74FA5003733AD /* FoodData.swift */; };
		603C32EC23E75001003733AD /* DetailRow.swift in Sources */ = {isa = PBXBuildFile; fileRef = 603C32EB23E75001003733AD /* DetailRow.swift */; };
		603C32EE23E752B5003733AD /* DetailView.swift in Sources */ = {isa = PBXBuildFile; fileRef = 603C32ED23E752B5003733AD /* DetailView.swift */; };
/* End PBXBuildFile section */

/* Begin PBXContainerItemProxy section */
		603C32C923E747F3003733AD /* PBXContainerItemProxy */ = {
			isa = PBXContainerItemProxy;
			containerPortal = 603C32AA23E747F0003733AD /* Project object */;
			proxyType = 1;
			remoteGlobalIDString = 603C32B123E747F0003733AD;
			remoteInfo = BBFoodDelivery;
		};
		603C32D423E747F3003733AD /* PBXContainerItemProxy */ = {
			isa = PBXContainerItemProxy;
			containerPortal = 603C32AA23E747F0003733AD /* Project object */;
			proxyType = 1;
			remoteGlobalIDString = 603C32B123E747F0003733AD;
			remoteInfo = BBFoodDelivery;
		};
/* End PBXContainerItemProxy section */

/* Begin PBXFileReference section */
		603C32B223E747F0003733AD /* BBFoodDelivery.app */ = {isa = PBXFileReference; explicitFileType = wrapper.application; includeInIndex = 0; path = BBFoodDelivery.app; sourceTree = BUILT_PRODUCTS_DIR; };
		603C32B523E747F0003733AD /* AppDelegate.swift */ = {isa = PBXFileReference; lastKnownFileType = sourcecode.swift; path = AppDelegate.swift; sourceTree = "<group>"; };
		603C32B723E747F0003733AD /* SceneDelegate.swift */ = {isa = PBXFileReference; lastKnownFileType = sourcecode.swift; path = SceneDelegate.swift; sourceTree = "<group>"; };
		603C32B923E747F0003733AD /* ContentView.swift */ = {isa = PBXFileReference; lastKnownFileType = sourcecode.swift; path = ContentView.swift; sourceTree = "<group>"; };
		603C32BB23E747F2003733AD /* Assets.xcassets */ = {isa = PBXFileReference; lastKnownFileType = folder.assetcatalog; path = Assets.xcassets; sourceTree = "<group>"; };
		603C32BE23E747F3003733AD /* Preview Assets.xcassets */ = {isa = PBXFileReference; lastKnownFileType = folder.assetcatalog; path = "Preview Assets.xcassets"; sourceTree = "<group>"; };
		603C32C123E747F3003733AD /* Base */ = {isa = PBXFileReference; lastKnownFileType = file.storyboard; name = Base; path = Base.lproj/LaunchScreen.storyboard; sourceTree = "<group>"; };
		603C32C323E747F3003733AD /* Info.plist */ = {isa = PBXFileReference; lastKnownFileType = text.plist.xml; path = Info.plist; sourceTree = "<group>"; };
		603C32C823E747F3003733AD /* BBFoodDeliveryTests.xctest */ = {isa = PBXFileReference; explicitFileType = wrapper.cfbundle; includeInIndex = 0; path = BBFoodDeliveryTests.xctest; sourceTree = BUILT_PRODUCTS_DIR; };
		603C32CC23E747F3003733AD /* BBFoodDeliveryTests.swift */ = {isa = PBXFileReference; lastKnownFileType = sourcecode.swift; path = BBFoodDeliveryTests.swift; sourceTree = "<group>"; };
		603C32CE23E747F3003733AD /* Info.plist */ = {isa = PBXFileReference; lastKnownFileType = text.plist.xml; path = Info.plist; sourceTree = "<group>"; };
		603C32D323E747F3003733AD /* BBFoodDeliveryUITests.xctest */ = {isa = PBXFileReference; explicitFileType = wrapper.cfbundle; includeInIndex = 0; path = BBFoodDeliveryUITests.xctest; sourceTree = BUILT_PRODUCTS_DIR; };
		603C32D723E747F3003733AD /* BBFoodDeliveryUITests.swift */ = {isa = PBXFileReference; lastKnownFileType = sourcecode.swift; path = BBFoodDeliveryUITests.swift; sourceTree = "<group>"; };
		603C32D923E747F3003733AD /* Info.plist */ = {isa = PBXFileReference; lastKnownFileType = text.plist.xml; path = Info.plist; sourceTree = "<group>"; };
		603C32E523E74DFB003733AD /* Food.swift */ = {isa = PBXFileReference; lastKnownFileType = sourcecode.swift; path = Food.swift; sourceTree = "<group>"; };
		603C32E723E74E2F003733AD /* Helper.swift */ = {isa = PBXFileReference; lastKnownFileType = sourcecode.swift; path = Helper.swift; sourceTree = "<group>"; };
		603C32E923E74FA5003733AD /* FoodData.swift */ = {isa = PBXFileReference; lastKnownFileType = sourcecode.swift; path = FoodData.swift; sourceTree = "<group>"; };
		603C32EB23E75001003733AD /* DetailRow.swift */ = {isa = PBXFileReference; lastKnownFileType = sourcecode.swift; path = DetailRow.swift; sourceTree = "<group>"; };
		603C32ED23E752B5003733AD /* DetailView.swift */ = {isa = PBXFileReference; lastKnownFileType = sourcecode.swift; path = DetailView.swift; sourceTree = "<group>"; };
/* End PBXFileReference section */

/* Begin PBXFrameworksBuildPhase section */
		603C32AF23E747F0003733AD /* Frameworks */ = {
			isa = PBXFrameworksBuildPhase;
			buildActionMask = 2147483647;
			files = (
			);
			runOnlyForDeploymentPostprocessing = 0;
		};
		603C32C523E747F3003733AD /* Frameworks */ = {
			isa = PBXFrameworksBuildPhase;
			buildActionMask = 2147483647;
			files = (
			);
			runOnlyForDeploymentPostprocessing = 0;
		};
		603C32D023E747F3003733AD /* Frameworks */ = {
			isa = PBXFrameworksBuildPhase;
			buildActionMask = 2147483647;
			files = (
			);
			runOnlyForDeploymentPostprocessing = 0;
		};
/* End PBXFrameworksBuildPhase section */

/* Begin PBXGroup section */
		603C32A923E747F0003733AD = {
			isa = PBXGroup;
			children = (
				603C32B423E747F0003733AD /* BBFoodDelivery */,
				603C32CB23E747F3003733AD /* BBFoodDeliveryTests */,
				603C32D623E747F3003733AD /* BBFoodDeliveryUITests */,
				603C32B323E747F0003733AD /* Products */,
			);
			sourceTree = "<group>";
		};
		603C32B323E747F0003733AD /* Products */ = {
			isa = PBXGroup;
			children = (
				603C32B223E747F0003733AD /* BBFoodDelivery.app */,
				603C32C823E747F3003733AD /* BBFoodDeliveryTests.xctest */,
				603C32D323E747F3003733AD /* BBFoodDeliveryUITests.xctest */,
			);
			name = Products;
			sourceTree = "<group>";
		};
		603C32B423E747F0003733AD /* BBFoodDelivery */ = {
			isa = PBXGroup;
			children = (
				603C32B523E747F0003733AD /* AppDelegate.swift */,
				603C32B723E747F0003733AD /* SceneDelegate.swift */,
				603C32B923E747F0003733AD /* ContentView.swift */,
				603C32E523E74DFB003733AD /* Food.swift */,
				603C32E923E74FA5003733AD /* FoodData.swift */,
				603C32EB23E75001003733AD /* DetailRow.swift */,
				603C32ED23E752B5003733AD /* DetailView.swift */,
				603C32E723E74E2F003733AD /* Helper.swift */,
				603C32BB23E747F2003733AD /* Assets.xcassets */,
				603C32C023E747F3003733AD /* LaunchScreen.storyboard */,
				603C32C323E747F3003733AD /* Info.plist */,
				603C32BD23E747F3003733AD /* Preview Content */,
			);
			path = BBFoodDelivery;
			sourceTree = "<group>";
		};
		603C32BD23E747F3003733AD /* Preview Content */ = {
			isa = PBXGroup;
			children = (
				603C32BE23E747F3003733AD /* Preview Assets.xcassets */,
			);
			path = "Preview Content";
			sourceTree = "<group>";
		};
		603C32CB23E747F3003733AD /* BBFoodDeliveryTests */ = {
			isa = PBXGroup;
			children = (
				603C32CC23E747F3003733AD /* BBFoodDeliveryTests.swift */,
				603C32CE23E747F3003733AD /* Info.plist */,
			);
			path = BBFoodDeliveryTests;
			sourceTree = "<group>";
		};
		603C32D623E747F3003733AD /* BBFoodDeliveryUITests */ = {
			isa = PBXGroup;
			children = (
				603C32D723E747F3003733AD /* BBFoodDeliveryUITests.swift */,
				603C32D923E747F3003733AD /* Info.plist */,
			);
			path = BBFoodDeliveryUITests;
			sourceTree = "<group>";
		};
/* End PBXGroup section */

/* Begin PBXNativeTarget section */
		603C32B123E747F0003733AD /* BBFoodDelivery */ = {
			isa = PBXNativeTarget;
			buildConfigurationList = 603C32DC23E747F3003733AD /* Build configuration list for PBXNativeTarget "BBFoodDelivery" */;
			buildPhases = (
				603C32AE23E747F0003733AD /* Sources */,
				603C32AF23E747F0003733AD /* Frameworks */,
				603C32B023E747F0003733AD /* Resources */,
			);
			buildRules = (
			);
			dependencies = (
			);
			name = BBFoodDelivery;
			productName = BBFoodDelivery;
			productReference = 603C32B223E747F0003733AD /* BBFoodDelivery.app */;
			productType = "com.apple.product-type.application";
		};
		603C32C723E747F3003733AD /* BBFoodDeliveryTests */ = {
			isa = PBXNativeTarget;
			buildConfigurationList = 603C32DF23E747F3003733AD /* Build configuration list for PBXNativeTarget "BBFoodDeliveryTests" */;
			buildPhases = (
				603C32C423E747F3003733AD /* Sources */,
				603C32C523E747F3003733AD /* Frameworks */,
				603C32C623E747F3003733AD /* Resources */,
			);
			buildRules = (
			);
			dependencies = (
				603C32CA23E747F3003733AD /* PBXTargetDependency */,
			);
			name = BBFoodDeliveryTests;
			productName = BBFoodDeliveryTests;
			productReference = 603C32C823E747F3003733AD /* BBFoodDeliveryTests.xctest */;
			productType = "com.apple.product-type.bundle.unit-test";
		};
		603C32D223E747F3003733AD /* BBFoodDeliveryUITests */ = {
			isa = PBXNativeTarget;
			buildConfigurationList = 603C32E223E747F3003733AD /* Build configuration list for PBXNativeTarget "BBFoodDeliveryUITests" */;
			buildPhases = (
				603C32CF23E747F3003733AD /* Sources */,
				603C32D023E747F3003733AD /* Frameworks */,
				603C32D123E747F3003733AD /* Resources */,
			);
			buildRules = (
			);
			dependencies = (
				603C32D523E747F3003733AD /* PBXTargetDependency */,
			);
			name = BBFoodDeliveryUITests;
			productName = BBFoodDeliveryUITests;
			productReference = 603C32D323E747F3003733AD /* BBFoodDeliveryUITests.xctest */;
			productType = "com.apple.product-type.bundle.ui-testing";
		};
/* End PBXNativeTarget section */

/* Begin PBXProject section */
		603C32AA23E747F0003733AD /* Project object */ = {
			isa = PBXProject;
			attributes = {
				LastSwiftUpdateCheck = 1130;
				LastUpgradeCheck = 1130;
				ORGANIZATIONNAME = "Grant Rudow";
				TargetAttributes = {
					603C32B123E747F0003733AD = {
						CreatedOnToolsVersion = 11.3.1;
					};
					603C32C723E747F3003733AD = {
						CreatedOnToolsVersion = 11.3.1;
						TestTargetID = 603C32B123E747F0003733AD;
					};
					603C32D223E747F3003733AD = {
						CreatedOnToolsVersion = 11.3.1;
						TestTargetID = 603C32B123E747F0003733AD;
					};
				};
			};
			buildConfigurationList = 603C32AD23E747F0003733AD /* Build configuration list for PBXProject "BBFoodDelivery" */;
			compatibilityVersion = "Xcode 9.3";
			developmentRegion = en;
			hasScannedForEncodings = 0;
			knownRegions = (
				en,
				Base,
			);
			mainGroup = 603C32A923E747F0003733AD;
			productRefGroup = 603C32B323E747F0003733AD /* Products */;
			projectDirPath = "";
			projectRoot = "";
			targets = (
				603C32B123E747F0003733AD /* BBFoodDelivery */,
				603C32C723E747F3003733AD /* BBFoodDeliveryTests */,
				603C32D223E747F3003733AD /* BBFoodDeliveryUITests */,
			);
		};
/* End PBXProject section */

/* Begin PBXResourcesBuildPhase section */
		603C32B023E747F0003733AD /* Resources */ = {
			isa = PBXResourcesBuildPhase;
			buildActionMask = 2147483647;
			files = (
				603C32C223E747F3003733AD /* LaunchScreen.storyboard in Resources */,
				603C32BF23E747F3003733AD /* Preview Assets.xcassets in Resources */,
				603C32BC23E747F3003733AD /* Assets.xcassets in Resources */,
			);
			runOnlyForDeploymentPostprocessing = 0;
		};
		603C32C623E747F3003733AD /* Resources */ = {
			isa = PBXResourcesBuildPhase;
			buildActionMask = 2147483647;
			files = (
			);
			runOnlyForDeploymentPostprocessing = 0;
		};
		603C32D123E747F3003733AD /* Resources */ = {
			isa = PBXResourcesBuildPhase;
			buildActionMask = 2147483647;
			files = (
			);
			runOnlyForDeploymentPostprocessing = 0;
		};
/* End PBXResourcesBuildPhase section */

/* Begin PBXSourcesBuildPhase section */
		603C32AE23E747F0003733AD /* Sources */ = {
			isa = PBXSourcesBuildPhase;
			buildActionMask = 2147483647;
			files = (
				603C32B623E747F0003733AD /* AppDelegate.swift in Sources */,
				603C32EE23E752B5003733AD /* DetailView.swift in Sources */,
				603C32E623E74DFB003733AD /* Food.swift in Sources */,
				603C32E823E74E2F003733AD /* Helper.swift in Sources */,
				603C32EC23E75001003733AD /* DetailRow.swift in Sources */,
				603C32EA23E74FA5003733AD /* FoodData.swift in Sources */,
				603C32B823E747F0003733AD /* SceneDelegate.swift in Sources */,
				603C32BA23E747F0003733AD /* ContentView.swift in Sources */,
			);
			runOnlyForDeploymentPostprocessing = 0;
		};
		603C32C423E747F3003733AD /* Sources */ = {
			isa = PBXSourcesBuildPhase;
			buildActionMask = 2147483647;
			files = (
				603C32CD23E747F3003733AD /* BBFoodDeliveryTests.swift in Sources */,
			);
			runOnlyForDeploymentPostprocessing = 0;
		};
		603C32CF23E747F3003733AD /* Sources */ = {
			isa = PBXSourcesBuildPhase;
			buildActionMask = 2147483647;
			files = (
				603C32D823E747F3003733AD /* BBFoodDeliveryUITests.swift in Sources */,
			);
			runOnlyForDeploymentPostprocessing = 0;
		};
/* End PBXSourcesBuildPhase section */

/* Begin PBXTargetDependency section */
		603C32CA23E747F3003733AD /* PBXTargetDependency */ = {
			isa = PBXTargetDependency;
			target = 603C32B123E747F0003733AD /* BBFoodDelivery */;
			targetProxy = 603C32C923E747F3003733AD /* PBXContainerItemProxy */;
		};
		603C32D523E747F3003733AD /* PBXTargetDependency */ = {
			isa = PBXTargetDependency;
			target = 603C32B123E747F0003733AD /* BBFoodDelivery */;
			targetProxy = 603C32D423E747F3003733AD /* PBXContainerItemProxy */;
		};
/* End PBXTargetDependency section */

/* Begin PBXVariantGroup section */
		603C32C023E747F3003733AD /* LaunchScreen.storyboard */ = {
			isa = PBXVariantGroup;
			children = (
				603C32C123E747F3003733AD /* Base */,
			);
			name = LaunchScreen.storyboard;
			sourceTree = "<group>";
		};
/* End PBXVariantGroup section */

/* Begin XCBuildConfiguration section */
		603C32DA23E747F3003733AD /* Debug */ = {
			isa = XCBuildConfiguration;
			buildSettings = {
				ALWAYS_SEARCH_USER_PATHS = NO;
				CLANG_ANALYZER_NONNULL = YES;
				CLANG_ANALYZER_NUMBER_OBJECT_CONVERSION = YES_AGGRESSIVE;
				CLANG_CXX_LANGUAGE_STANDARD = "gnu++14";
				CLANG_CXX_LIBRARY = "libc++";
				CLANG_ENABLE_MODULES = YES;
				CLANG_ENABLE_OBJC_ARC = YES;
				CLANG_ENABLE_OBJC_WEAK = YES;
				CLANG_WARN_BLOCK_CAPTURE_AUTORELEASING = YES;
				CLANG_WARN_BOOL_CONVERSION = YES;
				CLANG_WARN_COMMA = YES;
				CLANG_WARN_CONSTANT_CONVERSION = YES;
				CLANG_WARN_DEPRECATED_OBJC_IMPLEMENTATIONS = YES;
				CLANG_WARN_DIRECT_OBJC_ISA_USAGE = YES_ERROR;
				CLANG_WARN_DOCUMENTATION_COMMENTS = YES;
				CLANG_WARN_EMPTY_BODY = YES;
				CLANG_WARN_ENUM_CONVERSION = YES;
				CLANG_WARN_INFINITE_RECURSION = YES;
				CLANG_WARN_INT_CONVERSION = YES;
				CLANG_WARN_NON_LITERAL_NULL_CONVERSION = YES;
				CLANG_WARN_OBJC_IMPLICIT_RETAIN_SELF = YES;
				CLANG_WARN_OBJC_LITERAL_CONVERSION = YES;
				CLANG_WARN_OBJC_ROOT_CLASS = YES_ERROR;
				CLANG_WARN_RANGE_LOOP_ANALYSIS = YES;
				CLANG_WARN_STRICT_PROTOTYPES = YES;
				CLANG_WARN_SUSPICIOUS_MOVE = YES;
				CLANG_WARN_UNGUARDED_AVAILABILITY = YES_AGGRESSIVE;
				CLANG_WARN_UNREACHABLE_CODE = YES;
				CLANG_WARN__DUPLICATE_METHOD_MATCH = YES;
				COPY_PHASE_STRIP = NO;
				DEBUG_INFORMATION_FORMAT = dwarf;
				ENABLE_STRICT_OBJC_MSGSEND = YES;
				ENABLE_TESTABILITY = YES;
				GCC_C_LANGUAGE_STANDARD = gnu11;
				GCC_DYNAMIC_NO_PIC = NO;
				GCC_NO_COMMON_BLOCKS = YES;
				GCC_OPTIMIZATION_LEVEL = 0;
				GCC_PREPROCESSOR_DEFINITIONS = (
					"DEBUG=1",
					"$(inherited)",
				);
				GCC_WARN_64_TO_32_BIT_CONVERSION = YES;
				GCC_WARN_ABOUT_RETURN_TYPE = YES_ERROR;
				GCC_WARN_UNDECLARED_SELECTOR = YES;
				GCC_WARN_UNINITIALIZED_AUTOS = YES_AGGRESSIVE;
				GCC_WARN_UNUSED_FUNCTION = YES;
				GCC_WARN_UNUSED_VARIABLE = YES;
				IPHONEOS_DEPLOYMENT_TARGET = 13.2;
				MTL_ENABLE_DEBUG_INFO = INCLUDE_SOURCE;
				MTL_FAST_MATH = YES;
				ONLY_ACTIVE_ARCH = YES;
				SDKROOT = iphoneos;
				SWIFT_ACTIVE_COMPILATION_CONDITIONS = DEBUG;
				SWIFT_OPTIMIZATION_LEVEL = "-Onone";
			};
			name = Debug;
		};
		603C32DB23E747F3003733AD /* Release */ = {
			isa = XCBuildConfiguration;
			buildSettings = {
				ALWAYS_SEARCH_USER_PATHS = NO;
				CLANG_ANALYZER_NONNULL = YES;
				CLANG_ANALYZER_NUMBER_OBJECT_CONVERSION = YES_AGGRESSIVE;
				CLANG_CXX_LANGUAGE_STANDARD = "gnu++14";
				CLANG_CXX_LIBRARY = "libc++";
				CLANG_ENABLE_MODULES = YES;
				CLANG_ENABLE_OBJC_ARC = YES;
				CLANG_ENABLE_OBJC_WEAK = YES;
				CLANG_WARN_BLOCK_CAPTURE_AUTORELEASING = YES;
				CLANG_WARN_BOOL_CONVERSION = YES;
				CLANG_WARN_COMMA = YES;
				CLANG_WARN_CONSTANT_CONVERSION = YES;
				CLANG_WARN_DEPRECATED_OBJC_IMPLEMENTATIONS = YES;
				CLANG_WARN_DIRECT_OBJC_ISA_USAGE = YES_ERROR;
				CLANG_WARN_DOCUMENTATION_COMMENTS = YES;
				CLANG_WARN_EMPTY_BODY = YES;
				CLANG_WARN_ENUM_CONVERSION = YES;
				CLANG_WARN_INFINITE_RECURSION = YES;
				CLANG_WARN_INT_CONVERSION = YES;
				CLANG_WARN_NON_LITERAL_NULL_CONVERSION = YES;
				CLANG_WARN_OBJC_IMPLICIT_RETAIN_SELF = YES;
				CLANG_WARN_OBJC_LITERAL_CONVERSION = YES;
				CLANG_WARN_OBJC_ROOT_CLASS = YES_ERROR;
				CLANG_WARN_RANGE_LOOP_ANALYSIS = YES;
				CLANG_WARN_STRICT_PROTOTYPES = YES;
				CLANG_WARN_SUSPICIOUS_MOVE = YES;
				CLANG_WARN_UNGUARDED_AVAILABILITY = YES_AGGRESSIVE;
				CLANG_WARN_UNREACHABLE_CODE = YES;
				CLANG_WARN__DUPLICATE_METHOD_MATCH = YES;
				COPY_PHASE_STRIP = NO;
				DEBUG_INFORMATION_FORMAT = "dwarf-with-dsym";
				ENABLE_NS_ASSERTIONS = NO;
				ENABLE_STRICT_OBJC_MSGSEND = YES;
				GCC_C_LANGUAGE_STANDARD = gnu11;
				GCC_NO_COMMON_BLOCKS = YES;
				GCC_WARN_64_TO_32_BIT_CONVERSION = YES;
				GCC_WARN_ABOUT_RETURN_TYPE = YES_ERROR;
				GCC_WARN_UNDECLARED_SELECTOR = YES;
				GCC_WARN_UNINITIALIZED_AUTOS = YES_AGGRESSIVE;
				GCC_WARN_UNUSED_FUNCTION = YES;
				GCC_WARN_UNUSED_VARIABLE = YES;
				IPHONEOS_DEPLOYMENT_TARGET = 13.2;
				MTL_ENABLE_DEBUG_INFO = NO;
				MTL_FAST_MATH = YES;
				SDKROOT = iphoneos;
				SWIFT_COMPILATION_MODE = wholemodule;
				SWIFT_OPTIMIZATION_LEVEL = "-O";
				VALIDATE_PRODUCT = YES;
			};
			name = Release;
		};
		603C32DD23E747F3003733AD /* Debug */ = {
			isa = XCBuildConfiguration;
			buildSettings = {
				ASSETCATALOG_COMPILER_APPICON_NAME = AppIcon;
				CODE_SIGN_STYLE = Automatic;
				DEVELOPMENT_ASSET_PATHS = "\"BBFoodDelivery/Preview Content\"";
				DEVELOPMENT_TEAM = 7TJ24QBY4P;
				ENABLE_PREVIEWS = YES;
				INFOPLIST_FILE = BBFoodDelivery/Info.plist;
				LD_RUNPATH_SEARCH_PATHS = (
					"$(inherited)",
					"@executable_path/Frameworks",
				);
				PRODUCT_BUNDLE_IDENTIFIER = com.grantrudow.BBFoodDelivery;
				PRODUCT_NAME = "$(TARGET_NAME)";
				SWIFT_VERSION = 5.0;
				TARGETED_DEVICE_FAMILY = "1,2";
			};
			name = Debug;
		};
		603C32DE23E747F3003733AD /* Release */ = {
			isa = XCBuildConfiguration;
			buildSettings = {
				ASSETCATALOG_COMPILER_APPICON_NAME = AppIcon;
				CODE_SIGN_STYLE = Automatic;
				DEVELOPMENT_ASSET_PATHS = "\"BBFoodDelivery/Preview Content\"";
				DEVELOPMENT_TEAM = 7TJ24QBY4P;
				ENABLE_PREVIEWS = YES;
				INFOPLIST_FILE = BBFoodDelivery/Info.plist;
				LD_RUNPATH_SEARCH_PATHS = (
					"$(inherited)",
					"@executable_path/Frameworks",
				);
				PRODUCT_BUNDLE_IDENTIFIER = com.grantrudow.BBFoodDelivery;
				PRODUCT_NAME = "$(TARGET_NAME)";
				SWIFT_VERSION = 5.0;
				TARGETED_DEVICE_FAMILY = "1,2";
			};
			name = Release;
		};
		603C32E023E747F3003733AD /* Debug */ = {
			isa = XCBuildConfiguration;
			buildSettings = {
				ALWAYS_EMBED_SWIFT_STANDARD_LIBRARIES = YES;
				BUNDLE_LOADER = "$(TEST_HOST)";
				CODE_SIGN_STYLE = Automatic;
				DEVELOPMENT_TEAM = 7TJ24QBY4P;
				INFOPLIST_FILE = BBFoodDeliveryTests/Info.plist;
				IPHONEOS_DEPLOYMENT_TARGET = 13.2;
				LD_RUNPATH_SEARCH_PATHS = (
					"$(inherited)",
					"@executable_path/Frameworks",
					"@loader_path/Frameworks",
				);
				PRODUCT_BUNDLE_IDENTIFIER = com.grantrudow.BBFoodDeliveryTests;
				PRODUCT_NAME = "$(TARGET_NAME)";
				SWIFT_VERSION = 5.0;
				TARGETED_DEVICE_FAMILY = "1,2";
				TEST_HOST = "$(BUILT_PRODUCTS_DIR)/BBFoodDelivery.app/BBFoodDelivery";
			};
			name = Debug;
		};
		603C32E123E747F3003733AD /* Release */ = {
			isa = XCBuildConfiguration;
			buildSettings = {
				ALWAYS_EMBED_SWIFT_STANDARD_LIBRARIES = YES;
				BUNDLE_LOADER = "$(TEST_HOST)";
				CODE_SIGN_STYLE = Automatic;
				DEVELOPMENT_TEAM = 7TJ24QBY4P;
				INFOPLIST_FILE = BBFoodDeliveryTests/Info.plist;
				IPHONEOS_DEPLOYMENT_TARGET = 13.2;
				LD_RUNPATH_SEARCH_PATHS = (
					"$(inherited)",
					"@executable_path/Frameworks",
					"@loader_path/Frameworks",
				);
				PRODUCT_BUNDLE_IDENTIFIER = com.grantrudow.BBFoodDeliveryTests;
				PRODUCT_NAME = "$(TARGET_NAME)";
				SWIFT_VERSION = 5.0;
				TARGETED_DEVICE_FAMILY = "1,2";
				TEST_HOST = "$(BUILT_PRODUCTS_DIR)/BBFoodDelivery.app/BBFoodDelivery";
			};
			name = Release;
		};
		603C32E323E747F3003733AD /* Debug */ = {
			isa = XCBuildConfiguration;
			buildSettings = {
				ALWAYS_EMBED_SWIFT_STANDARD_LIBRARIES = YES;
				CODE_SIGN_STYLE = Automatic;
				DEVELOPMENT_TEAM = 7TJ24QBY4P;
				INFOPLIST_FILE = BBFoodDeliveryUITests/Info.plist;
				LD_RUNPATH_SEARCH_PATHS = (
					"$(inherited)",
					"@executable_path/Frameworks",
					"@loader_path/Frameworks",
				);
				PRODUCT_BUNDLE_IDENTIFIER = com.grantrudow.BBFoodDeliveryUITests;
				PRODUCT_NAME = "$(TARGET_NAME)";
				SWIFT_VERSION = 5.0;
				TARGETED_DEVICE_FAMILY = "1,2";
				TEST_TARGET_NAME = BBFoodDelivery;
			};
			name = Debug;
		};
		603C32E423E747F3003733AD /* Release */ = {
			isa = XCBuildConfiguration;
			buildSettings = {
				ALWAYS_EMBED_SWIFT_STANDARD_LIBRARIES = YES;
				CODE_SIGN_STYLE = Automatic;
				DEVELOPMENT_TEAM = 7TJ24QBY4P;
				INFOPLIST_FILE = BBFoodDeliveryUITests/Info.plist;
				LD_RUNPATH_SEARCH_PATHS = (
					"$(inherited)",
					"@executable_path/Frameworks",
					"@loader_path/Frameworks",
				);
				PRODUCT_BUNDLE_IDENTIFIER = com.grantrudow.BBFoodDeliveryUITests;
				PRODUCT_NAME = "$(TARGET_NAME)";
				SWIFT_VERSION = 5.0;
				TARGETED_DEVICE_FAMILY = "1,2";
				TEST_TARGET_NAME = BBFoodDelivery;
			};
			name = Release;
		};
/* End XCBuildConfiguration section */

/* Begin XCConfigurationList section */
		603C32AD23E747F0003733AD /* Build configuration list for PBXProject "BBFoodDelivery" */ = {
			isa = XCConfigurationList;
			buildConfigurations = (
				603C32DA23E747F3003733AD /* Debug */,
				603C32DB23E747F3003733AD /* Release */,
			);
			defaultConfigurationIsVisible = 0;
			defaultConfigurationName = Release;
		};
		603C32DC23E747F3003733AD /* Build configuration list for PBXNativeTarget "BBFoodDelivery" */ = {
			isa = XCConfigurationList;
			buildConfigurations = (
				603C32DD23E747F3003733AD /* Debug */,
				603C32DE23E747F3003733AD /* Release */,
			);
			defaultConfigurationIsVisible = 0;
			defaultConfigurationName = Release;
		};
		603C32DF23E747F3003733AD /* Build configuration list for PBXNativeTarget "BBFoodDeliveryTests" */ = {
			isa = XCConfigurationList;
			buildConfigurations = (
				603C32E023E747F3003733AD /* Debug */,
				603C32E123E747F3003733AD /* Release */,
			);
			defaultConfigurationIsVisible = 0;
			defaultConfigurationName = Release;
		};
		603C32E223E747F3003733AD /* Build configuration list for PBXNativeTarget "BBFoodDeliveryUITests" */ = {
			isa = XCConfigurationList;
			buildConfigurations = (
				603C32E323E747F3003733AD /* Debug */,
				603C32E423E747F3003733AD /* Release */,
			);
			defaultConfigurationIsVisible = 0;
			defaultConfigurationName = Release;
		};
/* End XCConfigurationList section */
	};
	rootObject = 603C32AA23E747F0003733AD /* Project object */;
}
